{
  "version": "4",
  "specifiers": {
    "jsr:@luca/esbuild-deno-loader@*": "0.11.0",
    "jsr:@needle-di/core@*": "0.8.4",
    "jsr:@oak/commons@1": "1.0.0",
    "jsr:@std/assert@0.224": "0.224.0",
    "jsr:@std/assert@1": "1.0.6",
    "jsr:@std/async@*": "1.0.6",
    "jsr:@std/bytes@1": "1.0.2",
    "jsr:@std/bytes@^1.0.2": "1.0.2",
    "jsr:@std/crypto@1": "1.0.3",
    "jsr:@std/encoding@1": "1.0.5",
    "jsr:@std/encoding@^1.0.5": "1.0.5",
    "jsr:@std/flags@*": "0.224.0",
    "jsr:@std/fmt@*": "1.0.2",
    "jsr:@std/fmt@^1.0.2": "1.0.2",
    "jsr:@std/fs@*": "1.0.4",
    "jsr:@std/fs@^1.0.4": "1.0.4",
    "jsr:@std/http@1": "1.0.8",
    "jsr:@std/io@0.224": "0.224.9",
    "jsr:@std/io@0.225": "0.225.0",
    "jsr:@std/log@*": "0.224.9",
    "jsr:@std/media-types@1": "1.0.3",
    "jsr:@std/path@*": "1.0.6",
    "jsr:@std/path@1": "1.0.6",
    "jsr:@std/path@^1.0.6": "1.0.6",
    "jsr:@std/semver@*": "1.0.3",
    "npm:@types/node@*": "22.5.4",
    "npm:esbuild@*": "0.20.0",
    "npm:esbuild@0.20.0": "0.20.0",
    "npm:path-to-regexp@6.2.1": "6.2.1"
  },
  "jsr": {
    "@luca/esbuild-deno-loader@0.11.0": {
      "integrity": "c05a989aa7c4ee6992a27be5f15cfc5be12834cab7ff84cabb47313737c51a2c",
      "dependencies": [
        "jsr:@std/bytes@^1.0.2",
        "jsr:@std/encoding@^1.0.5",
        "jsr:@std/path@^1.0.6"
      ]
    },
    "@needle-di/core@0.8.4": {
      "integrity": "72b5aee41dedc77619d9b9cdf89af28ffc853e4ca26fe1dd67526c7d7d5a5e3a"
    },
    "@oak/commons@1.0.0": {
      "integrity": "49805b55603c3627a9d6235c0655aa2b6222d3036b3a13ff0380c16368f607ac",
      "dependencies": [
        "jsr:@std/assert@1",
        "jsr:@std/bytes@1",
        "jsr:@std/crypto",
        "jsr:@std/encoding@1",
        "jsr:@std/http",
        "jsr:@std/media-types"
      ]
    },
    "@std/assert@0.224.0": {
      "integrity": "8643233ec7aec38a940a8264a6e3eed9bfa44e7a71cc6b3c8874213ff401967f"
    },
    "@std/assert@1.0.6": {
      "integrity": "1904c05806a25d94fe791d6d883b685c9e2dcd60e4f9fc30f4fc5cf010c72207"
    },
    "@std/async@1.0.6": {
      "integrity": "6d262156dd35c4a72ee1a2f8679be40264f370cfb92e2e13d4eca2ae05e16f34"
    },
    "@std/bytes@1.0.2": {
      "integrity": "fbdee322bbd8c599a6af186a1603b3355e59a5fb1baa139f8f4c3c9a1b3e3d57"
    },
    "@std/crypto@1.0.3": {
      "integrity": "a2a32f51ddef632d299e3879cd027c630dcd4d1d9a5285d6e6788072f4e51e7f"
    },
    "@std/encoding@1.0.5": {
      "integrity": "ecf363d4fc25bd85bd915ff6733a7e79b67e0e7806334af15f4645c569fefc04"
    },
    "@std/flags@0.224.0": {
      "integrity": "d40eaf58c356b2e1313c6d4e62dc28b614aad2ddae6f5ff72a969e0b1f5ad689",
      "dependencies": [
        "jsr:@std/assert@0.224"
      ]
    },
    "@std/fmt@1.0.2": {
      "integrity": "87e9dfcdd3ca7c066e0c3c657c1f987c82888eb8103a3a3baa62684ffeb0f7a7"
    },
    "@std/fs@1.0.4": {
      "integrity": "2907d32d8d1d9e540588fd5fe0ec21ee638134bd51df327ad4e443aaef07123c",
      "dependencies": [
        "jsr:@std/path@^1.0.6"
      ]
    },
    "@std/http@1.0.8": {
      "integrity": "6ea1b2e8d33929967754a3b6d6c6f399ad6647d7bbb5a466c1eaf9b294a6ebcd",
      "dependencies": [
        "jsr:@std/encoding@^1.0.5"
      ]
    },
    "@std/io@0.224.9": {
      "integrity": "4414664b6926f665102e73c969cfda06d2c4c59bd5d0c603fd4f1b1c840d6ee3",
      "dependencies": [
        "jsr:@std/bytes@^1.0.2"
      ]
    },
    "@std/io@0.225.0": {
      "integrity": "c1db7c5e5a231629b32d64b9a53139445b2ca640d828c26bf23e1c55f8c079b3"
    },
    "@std/log@0.224.9": {
      "integrity": "419d04e4d93e6b1a0205ac3f94809621cfec3d328d09fec9ec59cafa3b3fcaee",
      "dependencies": [
        "jsr:@std/fmt@^1.0.2",
        "jsr:@std/fs@^1.0.4",
        "jsr:@std/io@0.225"
      ]
    },
    "@std/media-types@1.0.3": {
      "integrity": "b12d30a7852f7578f4d210622df713bbfd1cbdd9b4ec2eaf5c1845ab70bab159"
    },
    "@std/path@1.0.6": {
      "integrity": "ab2c55f902b380cf28e0eec501b4906e4c1960d13f00e11cfbcd21de15f18fed"
    },
    "@std/semver@1.0.3": {
      "integrity": "7c139c6076a080eeaa4252c78b95ca5302818d7eafab0470d34cafd9930c13c8"
    }
  },
  "npm": {
    "@esbuild/aix-ppc64@0.20.0": {
      "integrity": "sha512-fGFDEctNh0CcSwsiRPxiaqX0P5rq+AqE0SRhYGZ4PX46Lg1FNR6oCxJghf8YgY0WQEgQuh3lErUFE4KxLeRmmw=="
    },
    "@esbuild/android-arm64@0.20.0": {
      "integrity": "sha512-aVpnM4lURNkp0D3qPoAzSG92VXStYmoVPOgXveAUoQBWRSuQzt51yvSju29J6AHPmwY1BjH49uR29oyfH1ra8Q=="
    },
    "@esbuild/android-arm@0.20.0": {
      "integrity": "sha512-3bMAfInvByLHfJwYPJRlpTeaQA75n8C/QKpEaiS4HrFWFiJlNI0vzq/zCjBrhAYcPyVPG7Eo9dMrcQXuqmNk5g=="
    },
    "@esbuild/android-x64@0.20.0": {
      "integrity": "sha512-uK7wAnlRvjkCPzh8jJ+QejFyrP8ObKuR5cBIsQZ+qbMunwR8sbd8krmMbxTLSrDhiPZaJYKQAU5Y3iMDcZPhyQ=="
    },
    "@esbuild/darwin-arm64@0.20.0": {
      "integrity": "sha512-AjEcivGAlPs3UAcJedMa9qYg9eSfU6FnGHJjT8s346HSKkrcWlYezGE8VaO2xKfvvlZkgAhyvl06OJOxiMgOYQ=="
    },
    "@esbuild/darwin-x64@0.20.0": {
      "integrity": "sha512-bsgTPoyYDnPv8ER0HqnJggXK6RyFy4PH4rtsId0V7Efa90u2+EifxytE9pZnsDgExgkARy24WUQGv9irVbTvIw=="
    },
    "@esbuild/freebsd-arm64@0.20.0": {
      "integrity": "sha512-kQ7jYdlKS335mpGbMW5tEe3IrQFIok9r84EM3PXB8qBFJPSc6dpWfrtsC/y1pyrz82xfUIn5ZrnSHQQsd6jebQ=="
    },
    "@esbuild/freebsd-x64@0.20.0": {
      "integrity": "sha512-uG8B0WSepMRsBNVXAQcHf9+Ko/Tr+XqmK7Ptel9HVmnykupXdS4J7ovSQUIi0tQGIndhbqWLaIL/qO/cWhXKyQ=="
    },
    "@esbuild/linux-arm64@0.20.0": {
      "integrity": "sha512-uTtyYAP5veqi2z9b6Gr0NUoNv9F/rOzI8tOD5jKcCvRUn7T60Bb+42NDBCWNhMjkQzI0qqwXkQGo1SY41G52nw=="
    },
    "@esbuild/linux-arm@0.20.0": {
      "integrity": "sha512-2ezuhdiZw8vuHf1HKSf4TIk80naTbP9At7sOqZmdVwvvMyuoDiZB49YZKLsLOfKIr77+I40dWpHVeY5JHpIEIg=="
    },
    "@esbuild/linux-ia32@0.20.0": {
      "integrity": "sha512-c88wwtfs8tTffPaoJ+SQn3y+lKtgTzyjkD8NgsyCtCmtoIC8RDL7PrJU05an/e9VuAke6eJqGkoMhJK1RY6z4w=="
    },
    "@esbuild/linux-loong64@0.20.0": {
      "integrity": "sha512-lR2rr/128/6svngnVta6JN4gxSXle/yZEZL3o4XZ6esOqhyR4wsKyfu6qXAL04S4S5CgGfG+GYZnjFd4YiG3Aw=="
    },
    "@esbuild/linux-mips64el@0.20.0": {
      "integrity": "sha512-9Sycc+1uUsDnJCelDf6ZNqgZQoK1mJvFtqf2MUz4ujTxGhvCWw+4chYfDLPepMEvVL9PDwn6HrXad5yOrNzIsQ=="
    },
    "@esbuild/linux-ppc64@0.20.0": {
      "integrity": "sha512-CoWSaaAXOZd+CjbUTdXIJE/t7Oz+4g90A3VBCHLbfuc5yUQU/nFDLOzQsN0cdxgXd97lYW/psIIBdjzQIwTBGw=="
    },
    "@esbuild/linux-riscv64@0.20.0": {
      "integrity": "sha512-mlb1hg/eYRJUpv8h/x+4ShgoNLL8wgZ64SUr26KwglTYnwAWjkhR2GpoKftDbPOCnodA9t4Y/b68H4J9XmmPzA=="
    },
    "@esbuild/linux-s390x@0.20.0": {
      "integrity": "sha512-fgf9ubb53xSnOBqyvWEY6ukBNRl1mVX1srPNu06B6mNsNK20JfH6xV6jECzrQ69/VMiTLvHMicQR/PgTOgqJUQ=="
    },
    "@esbuild/linux-x64@0.20.0": {
      "integrity": "sha512-H9Eu6MGse++204XZcYsse1yFHmRXEWgadk2N58O/xd50P9EvFMLJTQLg+lB4E1cF2xhLZU5luSWtGTb0l9UeSg=="
    },
    "@esbuild/netbsd-x64@0.20.0": {
      "integrity": "sha512-lCT675rTN1v8Fo+RGrE5KjSnfY0x9Og4RN7t7lVrN3vMSjy34/+3na0q7RIfWDAj0e0rCh0OL+P88lu3Rt21MQ=="
    },
    "@esbuild/openbsd-x64@0.20.0": {
      "integrity": "sha512-HKoUGXz/TOVXKQ+67NhxyHv+aDSZf44QpWLa3I1lLvAwGq8x1k0T+e2HHSRvxWhfJrFxaaqre1+YyzQ99KixoA=="
    },
    "@esbuild/sunos-x64@0.20.0": {
      "integrity": "sha512-GDwAqgHQm1mVoPppGsoq4WJwT3vhnz/2N62CzhvApFD1eJyTroob30FPpOZabN+FgCjhG+AgcZyOPIkR8dfD7g=="
    },
    "@esbuild/win32-arm64@0.20.0": {
      "integrity": "sha512-0vYsP8aC4TvMlOQYozoksiaxjlvUcQrac+muDqj1Fxy6jh9l9CZJzj7zmh8JGfiV49cYLTorFLxg7593pGldwQ=="
    },
    "@esbuild/win32-ia32@0.20.0": {
      "integrity": "sha512-p98u4rIgfh4gdpV00IqknBD5pC84LCub+4a3MO+zjqvU5MVXOc3hqR2UgT2jI2nh3h8s9EQxmOsVI3tyzv1iFg=="
    },
    "@esbuild/win32-x64@0.20.0": {
      "integrity": "sha512-NgJnesu1RtWihtTtXGFMU5YSE6JyyHPMxCwBZK7a6/8d31GuSo9l0Ss7w1Jw5QnKUawG6UEehs883kcXf5fYwg=="
    },
    "@types/node@22.5.4": {
      "integrity": "sha512-FDuKUJQm/ju9fT/SeX/6+gBzoPzlVCzfzmGkwKvRHQVxi4BntVbyIwf6a4Xn62mrvndLiml6z/UBXIdEVjQLXg==",
      "dependencies": [
        "undici-types"
      ]
    },
    "esbuild@0.20.0": {
      "integrity": "sha512-6iwE3Y2RVYCME1jLpBqq7LQWK3MW6vjV2bZy6gt/WrqkY+WE74Spyc0ThAOYpMtITvnjX09CrC6ym7A/m9mebA==",
      "dependencies": [
        "@esbuild/aix-ppc64",
        "@esbuild/android-arm",
        "@esbuild/android-arm64",
        "@esbuild/android-x64",
        "@esbuild/darwin-arm64",
        "@esbuild/darwin-x64",
        "@esbuild/freebsd-arm64",
        "@esbuild/freebsd-x64",
        "@esbuild/linux-arm",
        "@esbuild/linux-arm64",
        "@esbuild/linux-ia32",
        "@esbuild/linux-loong64",
        "@esbuild/linux-mips64el",
        "@esbuild/linux-ppc64",
        "@esbuild/linux-riscv64",
        "@esbuild/linux-s390x",
        "@esbuild/linux-x64",
        "@esbuild/netbsd-x64",
        "@esbuild/openbsd-x64",
        "@esbuild/sunos-x64",
        "@esbuild/win32-arm64",
        "@esbuild/win32-ia32",
        "@esbuild/win32-x64"
      ]
    },
    "path-to-regexp@6.2.1": {
      "integrity": "sha512-JLyh7xT1kizaEvcaXOQwOc2/Yhw6KZOvPf1S8401UyLk86CU79LN3vl7ztXGm/pZ+YjoyAJ4rxmHwbkBXJX+yw=="
    },
    "undici-types@6.19.8": {
      "integrity": "sha512-ve2KP6f/JnbPBFyobGHuerC9g1FYGn/F8n1LWTwNxCEzd6IfqTwUQcNXgEtmmQ6DlRrC1hrSrBnCZPokRrDHjw=="
    }
  },
  "redirects": {
    "https://cdn.esm.sh/classnames@2.5.1?pin=v66": "https://esm.sh/classnames@2.5.1?pin=v66"
  },
  "remote": {
    "https://deno.land/std@0.170.0/fmt/colors.ts": "03ad95e543d2808bc43c17a3dd29d25b43d0f16287fe562a0be89bf632454a12",
    "https://deno.land/std@0.170.0/testing/_diff.ts": "a23e7fc2b4d8daa3e158fa06856bedf5334ce2a2831e8bf9e509717f455adb2c",
    "https://deno.land/std@0.170.0/testing/_format.ts": "cd11136e1797791045e639e9f0f4640d5b4166148796cad37e6ef75f7d7f3832",
    "https://deno.land/std@0.170.0/testing/asserts.ts": "51353e79437361d4b02d8e32f3fc83b22231bc8f8d4c841d86fd32b0b0afe940",
    "https://deno.land/std@0.170.0/testing/mock.ts": "e19bf1f42b4b0aa7bc85d1f3aa01ed6d99368347c8df2d38e33d177a3976718b",
    "https://deno.land/x/oak@v17.1.0/application.ts": "2bcc73b3f22a193554c9958f7080ea635db25594d25ff7944021fca5bf74adba",
    "https://deno.land/x/oak@v17.1.0/body.ts": "f84e31e923fdadc3463519a4ab5409083d00281ae4cae00b9594af3e808f3007",
    "https://deno.land/x/oak@v17.1.0/context.ts": "345cfdaa5a2310558ee0863f2fba5f9ba648188412b16ce342c33266c085f5d3",
    "https://deno.land/x/oak@v17.1.0/deps.ts": "b778c76e91d6d2afe6124981212b6dc3d0b195739ea01857a45396dc78812b59",
    "https://deno.land/x/oak@v17.1.0/http_server_bun.ts": "cb3a66c735cd0533c4c3776b37ae627ab42344c82f91dff63e3030d9656fd3a0",
    "https://deno.land/x/oak@v17.1.0/http_server_native.ts": "3bea00ebb9638203d2449fbf9a14a6b87f119bd45012f13282ececdf7b4c4242",
    "https://deno.land/x/oak@v17.1.0/http_server_native_request.ts": "a4da6f4939736e6323720db2d4b0d19ff2e83f02e52ab1eea9ae80f2c047fa56",
    "https://deno.land/x/oak@v17.1.0/http_server_node.ts": "9bb5291c15305b297fd634aa4c6b1d5054368f4b7a171d7c7c302c73eb2489ed",
    "https://deno.land/x/oak@v17.1.0/middleware.ts": "4170180fe5009d2581a0bdc995e5953b90ccb5b1c3767f3eae8a4fe238b8bd81",
    "https://deno.land/x/oak@v17.1.0/middleware/etag.ts": "eb3cb3a8862ca1990ce80b7d1c3f142c866b22d34c2f785a0e8b46bc34b91f7d",
    "https://deno.land/x/oak@v17.1.0/middleware/proxy.ts": "a0b4964509d4320735ffbe52ae2629c78e302dd9b934fcf2ddf189d491469892",
    "https://deno.land/x/oak@v17.1.0/middleware/serve.ts": "efceebd70afb73bcabe0a6a8981f3d8474a2f2f30e85b46761aee49e81bd9d6a",
    "https://deno.land/x/oak@v17.1.0/mod.ts": "38e53e01e609583e843f3e2b2677de9872d23d68939ce0de85b402e7a8db01a7",
    "https://deno.land/x/oak@v17.1.0/node_shims.ts": "4db1569b2b79b73f37c4d947f4aaa50a93e266d48fe67601c8a31af17a28884d",
    "https://deno.land/x/oak@v17.1.0/request.ts": "1e7f2c338cd6889b616bbdc9e2062eac27acbffde05c685adfb1c60ecc80682a",
    "https://deno.land/x/oak@v17.1.0/response.ts": "75724db76f2dd782827f2dcaa00e4e1732709399bad2458c787fed2c95c4f8be",
    "https://deno.land/x/oak@v17.1.0/router.ts": "882f36a576e280b0d617cc174feca320f02deed77bdea8264444ba8b55cc0422",
    "https://deno.land/x/oak@v17.1.0/send.ts": "340676bbed632dd11194b930467a4e1aec64199b08328e6394cb7669b64c98a6",
    "https://deno.land/x/oak@v17.1.0/testing.ts": "2b80f231aa2207ecdee690da46e230d1e5375d95b268dfaa5205b2b2f6cc740f",
    "https://deno.land/x/oak@v17.1.0/types.ts": "cd4ccd3e182d0cba2117cd27f560267970470ab9c0ff6556cadd73f605193be7",
    "https://deno.land/x/oak@v17.1.0/utils/clone_state.ts": "cf8989ddd56816b36ada253ae0acdbd46cdf3d68dbe674d2b66c46640fab3500",
    "https://deno.land/x/oak@v17.1.0/utils/consts.ts": "137c4f73479f5e98a13153b9305f06f0d85df3cf2aacad2c9f82d4c1f3a2f105",
    "https://deno.land/x/oak@v17.1.0/utils/create_promise_with_resolvers.ts": "de99e9a998162b929a011f8873eaf0895cf4742492b3ce6f6866d39217342523",
    "https://deno.land/x/oak@v17.1.0/utils/decode_component.ts": "d3e2c40ecdd2fdb79761c6e9ae224cf01a4643f7c5f4c1e0b69698d43025261b",
    "https://deno.land/x/oak@v17.1.0/utils/encode_url.ts": "c0ed6b318eb9523adeebba32eb9acd059c0f94d3511b2b9e3b024722d1b3dfb8",
    "https://deno.land/x/oak@v17.1.0/utils/resolve_path.ts": "aa39d54a003b38fee55f340a0cba3f93a7af85b8ddd5fbfb049a98fc0109b36d",
    "https://deno.land/x/oak@v17.1.0/utils/streams.ts": "3da73b94681f8d27a82cc67df3f91090ec0bd6c3e9ab957af588d41ab585d923",
    "https://deno.land/x/oak@v17.1.0/utils/type_guards.ts": "a8dbb5ab7424f0355b121537d2454f927e0ca9949262fb67ac4fbefbd5880313",
    "https://deno.land/x/sqlite@v3.9.1/build/sqlite.js": "2afc7875c7b9c85d89730c4a311ab3a304e5d1bf761fbadd8c07bbdf130f5f9b",
    "https://deno.land/x/sqlite@v3.9.1/build/vfs.js": "7f7778a9fe499cd10738d6e43867340b50b67d3e39142b0065acd51a84cd2e03",
    "https://deno.land/x/sqlite@v3.9.1/mod.ts": "e09fc79d8065fe222578114b109b1fd60077bff1bb75448532077f784f4d6a83",
    "https://deno.land/x/sqlite@v3.9.1/src/constants.ts": "90f3be047ec0a89bcb5d6fc30db121685fc82cb00b1c476124ff47a4b0472aa9",
    "https://deno.land/x/sqlite@v3.9.1/src/db.ts": "03d0c860957496eadedd86e51a6e650670764630e64f56df0092e86c90752401",
    "https://deno.land/x/sqlite@v3.9.1/src/error.ts": "f7a15cb00d7c3797da1aefee3cf86d23e0ae92e73f0ba3165496c3816ab9503a",
    "https://deno.land/x/sqlite@v3.9.1/src/function.ts": "bc778cab7a6d771f690afa27264c524d22fcb96f1bb61959ade7922c15a4ab8d",
    "https://deno.land/x/sqlite@v3.9.1/src/query.ts": "d58abda928f6582d77bad685ecf551b1be8a15e8e38403e293ec38522e030cad",
    "https://deno.land/x/sqlite@v3.9.1/src/wasm.ts": "e79d0baa6e42423257fb3c7cc98091c54399254867e0f34a09b5bdef37bd9487",
    "https://esm.sh/classnames@2.5.1?pin=v66": "6bf4f0786abfc678f9bc6d0f93e616455892424f3ce71f8347ba88ab8eead982",
    "https://esm.sh/preact-render-to-string@6.5.11?pin=v66": "50338e5127d6f9f4038fc3f13188241c20fc086b218645a16d58fdeedb5dace1",
    "https://esm.sh/preact@10.24.3?pin=v67": "3fbc3bf94f04ea2567db840c85244a1e7943a3f0e8ba17d679123f29962095a6",
    "https://esm.sh/preact@10.24.3?pin=v67/jsx-runtime": "b9e4a84f55cb84ddb400600787de5b6a0ee66d879d8cf920dc0cdc94d00ae847",
    "https://esm.sh/schema-dts@1.1.2?pin=v66": "120a6961bd1d64967f8aa535550256321e7813bf11c9db4aabf859b22e53af6c",
    "https://esm.sh/stable/preact@10.24.3/denonext/jsx-runtime.js": "562a3adc7f89394c5fc430323f2875e9ec954bf138572227e5a26f9b42a8d179",
    "https://esm.sh/stable/preact@10.24.3/denonext/preact.mjs": "adda7b905b40f0bab844d3ee900378e59da2b16f0f8e716ba9a8d67c15b78c87",
    "https://esm.sh/v66/classnames@2.5.1/denonext/classnames.mjs": "9a9fac7781313e86125cd222b66df45f097d16a1c5c59df5b2b55751e0a98b4f",
    "https://esm.sh/v66/preact-render-to-string@6.5.11/denonext/preact-render-to-string.mjs": "33e8f7bb0caed15fc02bd4cd9b60cb39115ab846c7215fff58435dd171b3bc69",
    "https://esm.sh/v66/schema-dts@1.1.2/denonext/schema-dts.mjs": "7df4a25e051978817fa816bff9be0c235a4081688f53d0c4eacfbc35e70c4882"
  }
}
