{
  "name": "assets",
  "version": "1.0.0",
  "lockfileVersion": 2,
  "requires": true,
  "packages": {
    "": {
      "version": "1.0.0",
      "devDependencies": {
        "vanilla-framework": "^2.24.1"
      }
    },
    "node_modules/vanilla-framework": {
      "version": "2.24.1",
      "resolved": "https://registry.npmjs.org/vanilla-framework/-/vanilla-framework-2.24.1.tgz",
      "integrity": "sha512-ib/0/NQCXY8jslpzK67TwocM/PYQeiz/whr39TT/hLHEIAMMLyY2JDoQd6uo3mnamV5PYKTj84VDM1BWEDm7+Q==",
      "dev": true
    }
  },
  "dependencies": {
    "vanilla-framework": {
      "version": "2.24.1",
      "resolved": "https://registry.npmjs.org/vanilla-framework/-/vanilla-framework-2.24.1.tgz",
      "integrity": "sha512-ib/0/NQCXY8jslpzK67TwocM/PYQeiz/whr39TT/hLHEIAMMLyY2JDoQd6uo3mnamV5PYKTj84VDM1BWEDm7+Q==",
      "dev": true
    }
  }
}
