{
  "name": "assets",
  "version": "1.0.0",
  "lockfileVersion": 2,
  "requires": true,
  "packages": {
    "": {
      "name": "assets",
      "version": "1.0.0",
      "dependencies": {
        "bootstrap-icons": "^1.4.0"
      }
    },
    "node_modules/bootstrap-icons": {
      "version": "1.8.3",
      "resolved": "https://registry.npmjs.org/bootstrap-icons/-/bootstrap-icons-1.8.3.tgz",
      "integrity": "sha512-s5kmttnbq4BXbx3Bwnj39y+t7Vc3blTtyD77W3aYQ1LlNoS3lNbbGvSYhIbg26Im8KmjScyFpHEevlPOBcIDdA=="
    }
  },
  "dependencies": {
    "bootstrap-icons": {
      "version": "1.8.3",
      "resolved": "https://registry.npmjs.org/bootstrap-icons/-/bootstrap-icons-1.8.3.tgz",
      "integrity": "sha512-s5kmttnbq4BXbx3Bwnj39y+t7Vc3blTtyD77W3aYQ1LlNoS3lNbbGvSYhIbg26Im8KmjScyFpHEevlPOBcIDdA=="
    }
  }
}
